// !$*UTF8*$!
{
	archiveVersion = 1;
	classes = {
	};
	objectVersion = 50;
	objects = {

/* Begin PBXBuildFile section */
		6DEA7514242951F7000DF1EA /* AppDelegate.m in Sources */ = {isa = PBXBuildFile; fileRef = 6DEA7513242951F7000DF1EA /* AppDelegate.m */; };
		6DEA7517242951F7000DF1EA /* SceneDelegate.m in Sources */ = {isa = PBXBuildFile; fileRef = 6DEA7516242951F7000DF1EA /* SceneDelegate.m */; };
		6DEA751D242951F7000DF1EA /* Main.storyboard in Resources */ = {isa = PBXBuildFile; fileRef = 6DEA751B242951F7000DF1EA /* Main.storyboard */; };
		6DEA751F242951F9000DF1EA /* Assets.xcassets in Resources */ = {isa = PBXBuildFile; fileRef = 6DEA751E242951F9000DF1EA /* Assets.xcassets */; };
		6DEA7522242951F9000DF1EA /* LaunchScreen.storyboard in Resources */ = {isa = PBXBuildFile; fileRef = 6DEA7520242951F9000DF1EA /* LaunchScreen.storyboard */; };
		6DEA7525242951FA000DF1EA /* main.m in Sources */ = {isa = PBXBuildFile; fileRef = 6DEA7524242951FA000DF1EA /* main.m */; };
/* End PBXBuildFile section */

/* Begin PBXFileReference section */
		6DEA750F242951F7000DF1EA /* Journal-C.app */ = {isa = PBXFileReference; explicitFileType = wrapper.application; includeInIndex = 0; path = "Journal-C.app"; sourceTree = BUILT_PRODUCTS_DIR; };
		6DEA7512242951F7000DF1EA /* AppDelegate.h */ = {isa = PBXFileReference; lastKnownFileType = sourcecode.c.h; path = AppDelegate.h; sourceTree = "<group>"; };
		6DEA7513242951F7000DF1EA /* AppDelegate.m */ = {isa = PBXFileReference; lastKnownFileType = sourcecode.c.objc; path = AppDelegate.m; sourceTree = "<group>"; };
		6DEA7515242951F7000DF1EA /* SceneDelegate.h */ = {isa = PBXFileReference; lastKnownFileType = sourcecode.c.h; path = SceneDelegate.h; sourceTree = "<group>"; };
		6DEA7516242951F7000DF1EA /* SceneDelegate.m */ = {isa = PBXFileReference; lastKnownFileType = sourcecode.c.objc; path = SceneDelegate.m; sourceTree = "<group>"; };
		6DEA751C242951F7000DF1EA /* Base */ = {isa = PBXFileReference; lastKnownFileType = file.storyboard; name = Base; path = Base.lproj/Main.storyboard; sourceTree = "<group>"; };
		6DEA751E242951F9000DF1EA /* Assets.xcassets */ = {isa = PBXFileReference; lastKnownFileType = folder.assetcatalog; path = Assets.xcassets; sourceTree = "<group>"; };
		6DEA7521242951F9000DF1EA /* Base */ = {isa = PBXFileReference; lastKnownFileType = file.storyboard; name = Base; path = Base.lproj/LaunchScreen.storyboard; sourceTree = "<group>"; };
		6DEA7523242951F9000DF1EA /* Info.plist */ = {isa = PBXFileReference; lastKnownFileType = text.plist.xml; path = Info.plist; sourceTree = "<group>"; };
		6DEA7524242951FA000DF1EA /* main.m */ = {isa = PBXFileReference; lastKnownFileType = sourcecode.c.objc; path = main.m; sourceTree = "<group>"; };
/* End PBXFileReference section */

/* Begin PBXFrameworksBuildPhase section */
		6DEA750C242951F7000DF1EA /* Frameworks */ = {
			isa = PBXFrameworksBuildPhase;
			buildActionMask = 2147483647;
			files = (
			);
			runOnlyForDeploymentPostprocessing = 0;
		};
/* End PBXFrameworksBuildPhase section */

/* Begin PBXGroup section */
		6DEA7506242951F7000DF1EA = {
			isa = PBXGroup;
			children = (
				6DEA7511242951F7000DF1EA /* Journal-C */,
				6DEA7510242951F7000DF1EA /* Products */,
			);
			sourceTree = "<group>";
		};
		6DEA7510242951F7000DF1EA /* Products */ = {
			isa = PBXGroup;
			children = (
				6DEA750F242951F7000DF1EA /* Journal-C.app */,
			);
			name = Products;
			sourceTree = "<group>";
		};
		6DEA7511242951F7000DF1EA /* Journal-C */ = {
			isa = PBXGroup;
			children = (
				6DEA751B242951F7000DF1EA /* Main.storyboard */,
				6DEA75302429527D000DF1EA /* Views */,
				6DEA752D24295262000DF1EA /* Controllers */,
				6DEA752C2429525A000DF1EA /* Models */,
				6DEA752B2429521A000DF1EA /* Resources */,
			);
			path = "Journal-C";
			sourceTree = "<group>";
		};
		6DEA752B2429521A000DF1EA /* Resources */ = {
			isa = PBXGroup;
			children = (
				6DEA7512242951F7000DF1EA /* AppDelegate.h */,
				6DEA7513242951F7000DF1EA /* AppDelegate.m */,
				6DEA7515242951F7000DF1EA /* SceneDelegate.h */,
				6DEA7516242951F7000DF1EA /* SceneDelegate.m */,
				6DEA751E242951F9000DF1EA /* Assets.xcassets */,
				6DEA7520242951F9000DF1EA /* LaunchScreen.storyboard */,
				6DEA7523242951F9000DF1EA /* Info.plist */,
				6DEA7524242951FA000DF1EA /* main.m */,
			);
			path = Resources;
			sourceTree = "<group>";
		};
		6DEA752C2429525A000DF1EA /* Models */ = {
			isa = PBXGroup;
			children = (
			);
			path = Models;
			sourceTree = "<group>";
		};
		6DEA752D24295262000DF1EA /* Controllers */ = {
			isa = PBXGroup;
			children = (
				6DEA752F24295273000DF1EA /* View Controllers */,
				6DEA752E24295269000DF1EA /* Model Controllers */,
			);
			path = Controllers;
			sourceTree = "<group>";
		};
		6DEA752E24295269000DF1EA /* Model Controllers */ = {
			isa = PBXGroup;
			children = (
			);
			path = "Model Controllers";
			sourceTree = "<group>";
		};
		6DEA752F24295273000DF1EA /* View Controllers */ = {
			isa = PBXGroup;
			children = (
			);
			path = "View Controllers";
			sourceTree = "<group>";
		};
		6DEA75302429527D000DF1EA /* Views */ = {
			isa = PBXGroup;
			children = (
			);
			path = Views;
			sourceTree = "<group>";
		};
/* End PBXGroup section */

/* Begin PBXNativeTarget section */
		6DEA750E242951F7000DF1EA /* Journal-C */ = {
			isa = PBXNativeTarget;
			buildConfigurationList = 6DEA7528242951FA000DF1EA /* Build configuration list for PBXNativeTarget "Journal-C" */;
			buildPhases = (
				6DEA750B242951F7000DF1EA /* Sources */,
				6DEA750C242951F7000DF1EA /* Frameworks */,
				6DEA750D242951F7000DF1EA /* Resources */,
			);
			buildRules = (
			);
			dependencies = (
			);
			name = "Journal-C";
			productName = "Journal-C";
			productReference = 6DEA750F242951F7000DF1EA /* Journal-C.app */;
			productType = "com.apple.product-type.application";
		};
/* End PBXNativeTarget section */

/* Begin PBXProject section */
		6DEA7507242951F7000DF1EA /* Project object */ = {
			isa = PBXProject;
			attributes = {
				CLASSPREFIX = JMB;
				LastUpgradeCheck = 1130;
				ORGANIZATIONNAME = Anthroman;
				TargetAttributes = {
					6DEA750E242951F7000DF1EA = {
						CreatedOnToolsVersion = 11.3.1;
					};
				};
			};
			buildConfigurationList = 6DEA750A242951F7000DF1EA /* Build configuration list for PBXProject "Journal-C" */;
			compatibilityVersion = "Xcode 9.3";
			developmentRegion = en;
			hasScannedForEncodings = 0;
			knownRegions = (
				en,
				Base,
			);
			mainGroup = 6DEA7506242951F7000DF1EA;
			productRefGroup = 6DEA7510242951F7000DF1EA /* Products */;
			projectDirPath = "";
			projectRoot = "";
			targets = (
				6DEA750E242951F7000DF1EA /* Journal-C */,
			);
		};
/* End PBXProject section */

/* Begin PBXResourcesBuildPhase section */
		6DEA750D242951F7000DF1EA /* Resources */ = {
			isa = PBXResourcesBuildPhase;
			buildActionMask = 2147483647;
			files = (
				6DEA7522242951F9000DF1EA /* LaunchScreen.storyboard in Resources */,
				6DEA751F242951F9000DF1EA /* Assets.xcassets in Resources */,
				6DEA751D242951F7000DF1EA /* Main.storyboard in Resources */,
			);
			runOnlyForDeploymentPostprocessing = 0;
		};
/* End PBXResourcesBuildPhase section */

/* Begin PBXSourcesBuildPhase section */
		6DEA750B242951F7000DF1EA /* Sources */ = {
			isa = PBXSourcesBuildPhase;
			buildActionMask = 2147483647;
			files = (
				6DEA7514242951F7000DF1EA /* AppDelegate.m in Sources */,
				6DEA7525242951FA000DF1EA /* main.m in Sources */,
				6DEA7517242951F7000DF1EA /* SceneDelegate.m in Sources */,
			);
			runOnlyForDeploymentPostprocessing = 0;
		};
/* End PBXSourcesBuildPhase section */

/* Begin PBXVariantGroup section */
		6DEA751B242951F7000DF1EA /* Main.storyboard */ = {
			isa = PBXVariantGroup;
			children = (
				6DEA751C242951F7000DF1EA /* Base */,
			);
			name = Main.storyboard;
			sourceTree = "<group>";
		};
		6DEA7520242951F9000DF1EA /* LaunchScreen.storyboard */ = {
			isa = PBXVariantGroup;
			children = (
				6DEA7521242951F9000DF1EA /* Base */,
			);
			name = LaunchScreen.storyboard;
			sourceTree = "<group>";
		};
/* End PBXVariantGroup section */

/* Begin XCBuildConfiguration section */
		6DEA7526242951FA000DF1EA /* Debug */ = {
			isa = XCBuildConfiguration;
			buildSettings = {
				ALWAYS_SEARCH_USER_PATHS = NO;
				CLANG_ANALYZER_NONNULL = YES;
				CLANG_ANALYZER_NUMBER_OBJECT_CONVERSION = YES_AGGRESSIVE;
				CLANG_CXX_LANGUAGE_STANDARD = "gnu++14";
				CLANG_CXX_LIBRARY = "libc++";
				CLANG_ENABLE_MODULES = YES;
				CLANG_ENABLE_OBJC_ARC = YES;
				CLANG_ENABLE_OBJC_WEAK = YES;
				CLANG_WARN_BLOCK_CAPTURE_AUTORELEASING = YES;
				CLANG_WARN_BOOL_CONVERSION = YES;
				CLANG_WARN_COMMA = YES;
				CLANG_WARN_CONSTANT_CONVERSION = YES;
				CLANG_WARN_DEPRECATED_OBJC_IMPLEMENTATIONS = YES;
				CLANG_WARN_DIRECT_OBJC_ISA_USAGE = YES_ERROR;
				CLANG_WARN_DOCUMENTATION_COMMENTS = YES;
				CLANG_WARN_EMPTY_BODY = YES;
				CLANG_WARN_ENUM_CONVERSION = YES;
				CLANG_WARN_INFINITE_RECURSION = YES;
				CLANG_WARN_INT_CONVERSION = YES;
				CLANG_WARN_NON_LITERAL_NULL_CONVERSION = YES;
				CLANG_WARN_OBJC_IMPLICIT_RETAIN_SELF = YES;
				CLANG_WARN_OBJC_LITERAL_CONVERSION = YES;
				CLANG_WARN_OBJC_ROOT_CLASS = YES_ERROR;
				CLANG_WARN_RANGE_LOOP_ANALYSIS = YES;
				CLANG_WARN_STRICT_PROTOTYPES = YES;
				CLANG_WARN_SUSPICIOUS_MOVE = YES;
				CLANG_WARN_UNGUARDED_AVAILABILITY = YES_AGGRESSIVE;
				CLANG_WARN_UNREACHABLE_CODE = YES;
				CLANG_WARN__DUPLICATE_METHOD_MATCH = YES;
				COPY_PHASE_STRIP = NO;
				DEBUG_INFORMATION_FORMAT = dwarf;
				ENABLE_STRICT_OBJC_MSGSEND = YES;
				ENABLE_TESTABILITY = YES;
				GCC_C_LANGUAGE_STANDARD = gnu11;
				GCC_DYNAMIC_NO_PIC = NO;
				GCC_NO_COMMON_BLOCKS = YES;
				GCC_OPTIMIZATION_LEVEL = 0;
				GCC_PREPROCESSOR_DEFINITIONS = (
					"DEBUG=1",
					"$(inherited)",
				);
				GCC_WARN_64_TO_32_BIT_CONVERSION = YES;
				GCC_WARN_ABOUT_RETURN_TYPE = YES_ERROR;
				GCC_WARN_UNDECLARED_SELECTOR = YES;
				GCC_WARN_UNINITIALIZED_AUTOS = YES_AGGRESSIVE;
				GCC_WARN_UNUSED_FUNCTION = YES;
				GCC_WARN_UNUSED_VARIABLE = YES;
				IPHONEOS_DEPLOYMENT_TARGET = 13.2;
				MTL_ENABLE_DEBUG_INFO = INCLUDE_SOURCE;
				MTL_FAST_MATH = YES;
				ONLY_ACTIVE_ARCH = YES;
				SDKROOT = iphoneos;
			};
			name = Debug;
		};
		6DEA7527242951FA000DF1EA /* Release */ = {
			isa = XCBuildConfiguration;
			buildSettings = {
				ALWAYS_SEARCH_USER_PATHS = NO;
				CLANG_ANALYZER_NONNULL = YES;
				CLANG_ANALYZER_NUMBER_OBJECT_CONVERSION = YES_AGGRESSIVE;
				CLANG_CXX_LANGUAGE_STANDARD = "gnu++14";
				CLANG_CXX_LIBRARY = "libc++";
				CLANG_ENABLE_MODULES = YES;
				CLANG_ENABLE_OBJC_ARC = YES;
				CLANG_ENABLE_OBJC_WEAK = YES;
				CLANG_WARN_BLOCK_CAPTURE_AUTORELEASING = YES;
				CLANG_WARN_BOOL_CONVERSION = YES;
				CLANG_WARN_COMMA = YES;
				CLANG_WARN_CONSTANT_CONVERSION = YES;
				CLANG_WARN_DEPRECATED_OBJC_IMPLEMENTATIONS = YES;
				CLANG_WARN_DIRECT_OBJC_ISA_USAGE = YES_ERROR;
				CLANG_WARN_DOCUMENTATION_COMMENTS = YES;
				CLANG_WARN_EMPTY_BODY = YES;
				CLANG_WARN_ENUM_CONVERSION = YES;
				CLANG_WARN_INFINITE_RECURSION = YES;
				CLANG_WARN_INT_CONVERSION = YES;
				CLANG_WARN_NON_LITERAL_NULL_CONVERSION = YES;
				CLANG_WARN_OBJC_IMPLICIT_RETAIN_SELF = YES;
				CLANG_WARN_OBJC_LITERAL_CONVERSION = YES;
				CLANG_WARN_OBJC_ROOT_CLASS = YES_ERROR;
				CLANG_WARN_RANGE_LOOP_ANALYSIS = YES;
				CLANG_WARN_STRICT_PROTOTYPES = YES;
				CLANG_WARN_SUSPICIOUS_MOVE = YES;
				CLANG_WARN_UNGUARDED_AVAILABILITY = YES_AGGRESSIVE;
				CLANG_WARN_UNREACHABLE_CODE = YES;
				CLANG_WARN__DUPLICATE_METHOD_MATCH = YES;
				COPY_PHASE_STRIP = NO;
				DEBUG_INFORMATION_FORMAT = "dwarf-with-dsym";
				ENABLE_NS_ASSERTIONS = NO;
				ENABLE_STRICT_OBJC_MSGSEND = YES;
				GCC_C_LANGUAGE_STANDARD = gnu11;
				GCC_NO_COMMON_BLOCKS = YES;
				GCC_WARN_64_TO_32_BIT_CONVERSION = YES;
				GCC_WARN_ABOUT_RETURN_TYPE = YES_ERROR;
				GCC_WARN_UNDECLARED_SELECTOR = YES;
				GCC_WARN_UNINITIALIZED_AUTOS = YES_AGGRESSIVE;
				GCC_WARN_UNUSED_FUNCTION = YES;
				GCC_WARN_UNUSED_VARIABLE = YES;
				IPHONEOS_DEPLOYMENT_TARGET = 13.2;
				MTL_ENABLE_DEBUG_INFO = NO;
				MTL_FAST_MATH = YES;
				SDKROOT = iphoneos;
				VALIDATE_PRODUCT = YES;
			};
			name = Release;
		};
		6DEA7529242951FA000DF1EA /* Debug */ = {
			isa = XCBuildConfiguration;
			buildSettings = {
				ASSETCATALOG_COMPILER_APPICON_NAME = AppIcon;
				CODE_SIGN_STYLE = Automatic;
				INFOPLIST_FILE = "Journal-C/Resources/Info.plist";
				LD_RUNPATH_SEARCH_PATHS = (
					"$(inherited)",
					"@executable_path/Frameworks",
				);
				PRODUCT_BUNDLE_IDENTIFIER = "com.Anthroman.Journal-C";
				PRODUCT_NAME = "$(TARGET_NAME)";
				TARGETED_DEVICE_FAMILY = "1,2";
			};
			name = Debug;
		};
		6DEA752A242951FA000DF1EA /* Release */ = {
			isa = XCBuildConfiguration;
			buildSettings = {
				ASSETCATALOG_COMPILER_APPICON_NAME = AppIcon;
				CODE_SIGN_STYLE = Automatic;
				INFOPLIST_FILE = "Journal-C/Resources/Info.plist";
				LD_RUNPATH_SEARCH_PATHS = (
					"$(inherited)",
					"@executable_path/Frameworks",
				);
				PRODUCT_BUNDLE_IDENTIFIER = "com.Anthroman.Journal-C";
				PRODUCT_NAME = "$(TARGET_NAME)";
				TARGETED_DEVICE_FAMILY = "1,2";
			};
			name = Release;
		};
/* End XCBuildConfiguration section */

/* Begin XCConfigurationList section */
		6DEA750A242951F7000DF1EA /* Build configuration list for PBXProject "Journal-C" */ = {
			isa = XCConfigurationList;
			buildConfigurations = (
				6DEA7526242951FA000DF1EA /* Debug */,
				6DEA7527242951FA000DF1EA /* Release */,
			);
			defaultConfigurationIsVisible = 0;
			defaultConfigurationName = Release;
		};
		6DEA7528242951FA000DF1EA /* Build configuration list for PBXNativeTarget "Journal-C" */ = {
			isa = XCConfigurationList;
			buildConfigurations = (
				6DEA7529242951FA000DF1EA /* Debug */,
				6DEA752A242951FA000DF1EA /* Release */,
			);
			defaultConfigurationIsVisible = 0;
			defaultConfigurationName = Release;
		};
/* End XCConfigurationList section */
	};
	rootObject = 6DEA7507242951F7000DF1EA /* Project object */;
}
